
Microsoft Visual Studio Solution File, Format Version 12.00
# Visual Studio Version 16
VisualStudioVersion = 16.0.31729.503
MinimumVisualStudioVersion = 10.0.40219.1
Project("{FAE04EC0-301F-11D3-BF4B-00C04F79EFBC}") = "linqOrnek", "linqOrnek\linqOrnek.csproj", "{3C9159CC-9C20-484C-A112-2536E35AAA66}"
EndProject
Global
	GlobalSection(SolutionConfigurationPlatforms) = preSolution
		Debug|Any CPU = Debug|Any CPU
		Release|Any CPU = Release|Any CPU
	EndGlobalSection
	GlobalSection(ProjectConfigurationPlatforms) = postSolution
		{3C9159CC-9C20-484C-A112-2536E35AAA66}.Debug|Any CPU.ActiveCfg = Debug|Any CPU
		{3C9159CC-9C20-484C-A112-2536E35AAA66}.Debug|Any CPU.Build.0 = Debug|Any CPU
		{3C9159CC-9C20-484C-A112-2536E35AAA66}.Release|Any CPU.ActiveCfg = Release|Any CPU
		{3C9159CC-9C20-484C-A112-2536E35AAA66}.Release|Any CPU.Build.0 = Release|Any CPU
	EndGlobalSection
	GlobalSection(SolutionProperties) = preSolution
		HideSolutionNode = FALSE
	EndGlobalSection
	GlobalSection(ExtensibilityGlobals) = postSolution
		SolutionGuid = {238304E0-6C65-41E9-A508-21D9F3CC37AE}
	EndGlobalSection
EndGlobal
